# This file is automatically @generated by Cargo.
# It is not intended for manual editing.
version = 4

[[package]]
name = "busyncr-client"
version = "0.1.0"
dependencies = [
 "busyncr-core",
]

[[package]]
name = "busyncr-core"
version = "0.1.0"

[[package]]
name = "busyncr-daemon"
version = "0.1.0"
dependencies = [
 "busyncr-core",
]

[[package]]
name = "busyncr-proto"
version = "0.1.0"
